
Microsoft Visual Studio Solution File, Format Version 12.00
# Visual Studio Version 16
VisualStudioVersion = 16.0.31025.194
MinimumVisualStudioVersion = 10.0.40219.1
Project("{FAE04EC0-301F-11D3-BF4B-00C04F79EFBC}") = "MyDictionary", "MyDictionary\MyDictionary.csproj", "{52188DB4-A4F4-46F1-AF7F-3D742B279DB6}"
EndProject
Global
	GlobalSection(SolutionConfigurationPlatforms) = preSolution
		Debug|Any CPU = Debug|Any CPU
		Release|Any CPU = Release|Any CPU
	EndGlobalSection
	GlobalSection(ProjectConfigurationPlatforms) = postSolution
		{52188DB4-A4F4-46F1-AF7F-3D742B279DB6}.Debug|Any CPU.ActiveCfg = Debug|Any CPU
		{52188DB4-A4F4-46F1-AF7F-3D742B279DB6}.Debug|Any CPU.Build.0 = Debug|Any CPU
		{52188DB4-A4F4-46F1-AF7F-3D742B279DB6}.Release|Any CPU.ActiveCfg = Release|Any CPU
		{52188DB4-A4F4-46F1-AF7F-3D742B279DB6}.Release|Any CPU.Build.0 = Release|Any CPU
	EndGlobalSection
	GlobalSection(SolutionProperties) = preSolution
		HideSolutionNode = FALSE
	EndGlobalSection
	GlobalSection(ExtensibilityGlobals) = postSolution
		SolutionGuid = {B5D626CB-6C56-4D23-8B4B-16D076A7668C}
	EndGlobalSection
EndGlobal
